// !$*UTF8*$!
{
	archiveVersion = 1;
	classes = {
	};
	objectVersion = 50;
	objects = {

/* Begin PBXBuildFile section */
		14C70CA290782FDB8F981309 /* Pods_JaqueExam.framework in Frameworks */ = {isa = PBXBuildFile; fileRef = BEF588A3496E95AA4C0C4CFC /* Pods_JaqueExam.framework */; };
		5B86E98F2469F54000383413 /* AppDelegate.swift in Sources */ = {isa = PBXBuildFile; fileRef = 5B86E98E2469F54000383413 /* AppDelegate.swift */; };
		5B86E9912469F54000383413 /* DatesVC.swift in Sources */ = {isa = PBXBuildFile; fileRef = 5B86E9902469F54000383413 /* DatesVC.swift */; };
		5B86E9942469F54200383413 /* Main.storyboard in Resources */ = {isa = PBXBuildFile; fileRef = 5B86E9922469F54200383413 /* Main.storyboard */; };
		5B86E9962469F56700383413 /* Assets.xcassets in Resources */ = {isa = PBXBuildFile; fileRef = 5B86E9952469F56700383413 /* Assets.xcassets */; };
		5B86E9992469F56700383413 /* LaunchScreen.storyboard in Resources */ = {isa = PBXBuildFile; fileRef = 5B86E9972469F56700383413 /* LaunchScreen.storyboard */; };
/* End PBXBuildFile section */

/* Begin PBXFileReference section */
		5911E798B52B9704E5C7263E /* Pods-JaqueExam.debug.xcconfig */ = {isa = PBXFileReference; includeInIndex = 1; lastKnownFileType = text.xcconfig; name = "Pods-JaqueExam.debug.xcconfig"; path = "Pods/Target Support Files/Pods-JaqueExam/Pods-JaqueExam.debug.xcconfig"; sourceTree = "<group>"; };
		5B86E98B2469F53F00383413 /* JaqueExam.app */ = {isa = PBXFileReference; explicitFileType = wrapper.application; includeInIndex = 0; path = JaqueExam.app; sourceTree = BUILT_PRODUCTS_DIR; };
		5B86E98E2469F54000383413 /* AppDelegate.swift */ = {isa = PBXFileReference; lastKnownFileType = sourcecode.swift; path = AppDelegate.swift; sourceTree = "<group>"; };
		5B86E9902469F54000383413 /* DatesVC.swift */ = {isa = PBXFileReference; lastKnownFileType = sourcecode.swift; path = DatesVC.swift; sourceTree = "<group>"; };
		5B86E9932469F54200383413 /* Base */ = {isa = PBXFileReference; lastKnownFileType = file.storyboard; name = Base; path = Base.lproj/Main.storyboard; sourceTree = "<group>"; };
		5B86E9952469F56700383413 /* Assets.xcassets */ = {isa = PBXFileReference; lastKnownFileType = folder.assetcatalog; path = Assets.xcassets; sourceTree = "<group>"; };
		5B86E9982469F56700383413 /* Base */ = {isa = PBXFileReference; lastKnownFileType = file.storyboard; name = Base; path = Base.lproj/LaunchScreen.storyboard; sourceTree = "<group>"; };
		5B86E99A2469F56700383413 /* Info.plist */ = {isa = PBXFileReference; lastKnownFileType = text.plist.xml; path = Info.plist; sourceTree = "<group>"; };
		81D43750D5E13EF1F488BC6A /* Pods-JaqueExam.release.xcconfig */ = {isa = PBXFileReference; includeInIndex = 1; lastKnownFileType = text.xcconfig; name = "Pods-JaqueExam.release.xcconfig"; path = "Pods/Target Support Files/Pods-JaqueExam/Pods-JaqueExam.release.xcconfig"; sourceTree = "<group>"; };
		BEF588A3496E95AA4C0C4CFC /* Pods_JaqueExam.framework */ = {isa = PBXFileReference; explicitFileType = wrapper.framework; includeInIndex = 0; path = Pods_JaqueExam.framework; sourceTree = BUILT_PRODUCTS_DIR; };
/* End PBXFileReference section */

/* Begin PBXFrameworksBuildPhase section */
		5B86E9882469F53F00383413 /* Frameworks */ = {
			isa = PBXFrameworksBuildPhase;
			buildActionMask = 2147483647;
			files = (
				14C70CA290782FDB8F981309 /* Pods_JaqueExam.framework in Frameworks */,
			);
			runOnlyForDeploymentPostprocessing = 0;
		};
/* End PBXFrameworksBuildPhase section */

/* Begin PBXGroup section */
		1A8E0F4547184525E504688C /* Pods */ = {
			isa = PBXGroup;
			children = (
				5911E798B52B9704E5C7263E /* Pods-JaqueExam.debug.xcconfig */,
				81D43750D5E13EF1F488BC6A /* Pods-JaqueExam.release.xcconfig */,
			);
			name = Pods;
			sourceTree = "<group>";
		};
		5B86E9822469F53F00383413 = {
			isa = PBXGroup;
			children = (
				5B86E98D2469F54000383413 /* JaqueExam */,
				5B86E98C2469F53F00383413 /* Products */,
				1A8E0F4547184525E504688C /* Pods */,
				BBB79A8DD35EA4CD96C5732C /* Frameworks */,
			);
			sourceTree = "<group>";
		};
		5B86E98C2469F53F00383413 /* Products */ = {
			isa = PBXGroup;
			children = (
				5B86E98B2469F53F00383413 /* JaqueExam.app */,
			);
			name = Products;
			sourceTree = "<group>";
		};
		5B86E98D2469F54000383413 /* JaqueExam */ = {
			isa = PBXGroup;
			children = (
				5B86E98E2469F54000383413 /* AppDelegate.swift */,
				5B86E9902469F54000383413 /* DatesVC.swift */,
				5B86E9922469F54200383413 /* Main.storyboard */,
				5B86E9952469F56700383413 /* Assets.xcassets */,
				5B86E9972469F56700383413 /* LaunchScreen.storyboard */,
				5B86E99A2469F56700383413 /* Info.plist */,
			);
			path = JaqueExam;
			sourceTree = "<group>";
		};
		BBB79A8DD35EA4CD96C5732C /* Frameworks */ = {
			isa = PBXGroup;
			children = (
				BEF588A3496E95AA4C0C4CFC /* Pods_JaqueExam.framework */,
			);
			name = Frameworks;
			sourceTree = "<group>";
		};
/* End PBXGroup section */

/* Begin PBXNativeTarget section */
		5B86E98A2469F53F00383413 /* JaqueExam */ = {
			isa = PBXNativeTarget;
			buildConfigurationList = 5B86E99D2469F56700383413 /* Build configuration list for PBXNativeTarget "JaqueExam" */;
			buildPhases = (
				F516520A08A7D0DE257C5CB3 /* [CP] Check Pods Manifest.lock */,
				5B86E9872469F53F00383413 /* Sources */,
				5B86E9882469F53F00383413 /* Frameworks */,
				5B86E9892469F53F00383413 /* Resources */,
				4660538BB5CC0191A5A89D56 /* [CP] Embed Pods Frameworks */,
			);
			buildRules = (
			);
			dependencies = (
			);
			name = JaqueExam;
			productName = JaqueExam;
			productReference = 5B86E98B2469F53F00383413 /* JaqueExam.app */;
			productType = "com.apple.product-type.application";
		};
/* End PBXNativeTarget section */

/* Begin PBXProject section */
		5B86E9832469F53F00383413 /* Project object */ = {
			isa = PBXProject;
			attributes = {
				LastSwiftUpdateCheck = 1010;
				LastUpgradeCheck = 1010;
				ORGANIZATIONNAME = "Luis Ernesto Ochoa Rios";
				TargetAttributes = {
					5B86E98A2469F53F00383413 = {
						CreatedOnToolsVersion = 10.1;
					};
				};
			};
			buildConfigurationList = 5B86E9862469F53F00383413 /* Build configuration list for PBXProject "JaqueExam" */;
			compatibilityVersion = "Xcode 9.3";
			developmentRegion = en;
			hasScannedForEncodings = 0;
			knownRegions = (
				en,
				Base,
			);
			mainGroup = 5B86E9822469F53F00383413;
			productRefGroup = 5B86E98C2469F53F00383413 /* Products */;
			projectDirPath = "";
			projectRoot = "";
			targets = (
				5B86E98A2469F53F00383413 /* JaqueExam */,
			);
		};
/* End PBXProject section */

/* Begin PBXResourcesBuildPhase section */
		5B86E9892469F53F00383413 /* Resources */ = {
			isa = PBXResourcesBuildPhase;
			buildActionMask = 2147483647;
			files = (
				5B86E9992469F56700383413 /* LaunchScreen.storyboard in Resources */,
				5B86E9962469F56700383413 /* Assets.xcassets in Resources */,
				5B86E9942469F54200383413 /* Main.storyboard in Resources */,
			);
			runOnlyForDeploymentPostprocessing = 0;
		};
/* End PBXResourcesBuildPhase section */

/* Begin PBXShellScriptBuildPhase section */
		4660538BB5CC0191A5A89D56 /* [CP] Embed Pods Frameworks */ = {
			isa = PBXShellScriptBuildPhase;
			buildActionMask = 2147483647;
			files = (
			);
			inputPaths = (
				"${SRCROOT}/Pods/Target Support Files/Pods-JaqueExam/Pods-JaqueExam-frameworks.sh",
				"${BUILT_PRODUCTS_DIR}/Alamofire/Alamofire.framework",
				"${BUILT_PRODUCTS_DIR}/AlamofireSwiftyJSON/AlamofireSwiftyJSON.framework",
				"${BUILT_PRODUCTS_DIR}/Kingfisher/Kingfisher.framework",
				"${BUILT_PRODUCTS_DIR}/SwiftyJSON/SwiftyJSON.framework",
			);
			name = "[CP] Embed Pods Frameworks";
			outputPaths = (
				"${TARGET_BUILD_DIR}/${FRAMEWORKS_FOLDER_PATH}/Alamofire.framework",
				"${TARGET_BUILD_DIR}/${FRAMEWORKS_FOLDER_PATH}/AlamofireSwiftyJSON.framework",
				"${TARGET_BUILD_DIR}/${FRAMEWORKS_FOLDER_PATH}/Kingfisher.framework",
				"${TARGET_BUILD_DIR}/${FRAMEWORKS_FOLDER_PATH}/SwiftyJSON.framework",
			);
			runOnlyForDeploymentPostprocessing = 0;
			shellPath = /bin/sh;
			shellScript = "\"${SRCROOT}/Pods/Target Support Files/Pods-JaqueExam/Pods-JaqueExam-frameworks.sh\"\n";
			showEnvVarsInLog = 0;
		};
		F516520A08A7D0DE257C5CB3 /* [CP] Check Pods Manifest.lock */ = {
			isa = PBXShellScriptBuildPhase;
			buildActionMask = 2147483647;
			files = (
			);
			inputPaths = (
				"${PODS_PODFILE_DIR_PATH}/Podfile.lock",
				"${PODS_ROOT}/Manifest.lock",
			);
			name = "[CP] Check Pods Manifest.lock";
			outputPaths = (
				"$(DERIVED_FILE_DIR)/Pods-JaqueExam-checkManifestLockResult.txt",
			);
			runOnlyForDeploymentPostprocessing = 0;
			shellPath = /bin/sh;
			shellScript = "diff \"${PODS_PODFILE_DIR_PATH}/Podfile.lock\" \"${PODS_ROOT}/Manifest.lock\" > /dev/null\nif [ $? != 0 ] ; then\n    # print error to STDERR\n    echo \"error: The sandbox is not in sync with the Podfile.lock. Run 'pod install' or update your CocoaPods installation.\" >&2\n    exit 1\nfi\n# This output is used by Xcode 'outputs' to avoid re-running this script phase.\necho \"SUCCESS\" > \"${SCRIPT_OUTPUT_FILE_0}\"\n";
			showEnvVarsInLog = 0;
		};
/* End PBXShellScriptBuildPhase section */

/* Begin PBXSourcesBuildPhase section */
		5B86E9872469F53F00383413 /* Sources */ = {
			isa = PBXSourcesBuildPhase;
			buildActionMask = 2147483647;
			files = (
				5B86E9912469F54000383413 /* DatesVC.swift in Sources */,
				5B86E98F2469F54000383413 /* AppDelegate.swift in Sources */,
			);
			runOnlyForDeploymentPostprocessing = 0;
		};
/* End PBXSourcesBuildPhase section */

/* Begin PBXVariantGroup section */
		5B86E9922469F54200383413 /* Main.storyboard */ = {
			isa = PBXVariantGroup;
			children = (
				5B86E9932469F54200383413 /* Base */,
			);
			name = Main.storyboard;
			sourceTree = "<group>";
		};
		5B86E9972469F56700383413 /* LaunchScreen.storyboard */ = {
			isa = PBXVariantGroup;
			children = (
				5B86E9982469F56700383413 /* Base */,
			);
			name = LaunchScreen.storyboard;
			sourceTree = "<group>";
		};
/* End PBXVariantGroup section */

/* Begin XCBuildConfiguration section */
		5B86E99B2469F56700383413 /* Debug */ = {
			isa = XCBuildConfiguration;
			buildSettings = {
				ALWAYS_SEARCH_USER_PATHS = NO;
				CLANG_ANALYZER_NONNULL = YES;
				CLANG_ANALYZER_NUMBER_OBJECT_CONVERSION = YES_AGGRESSIVE;
				CLANG_CXX_LANGUAGE_STANDARD = "gnu++14";
				CLANG_CXX_LIBRARY = "libc++";
				CLANG_ENABLE_MODULES = YES;
				CLANG_ENABLE_OBJC_ARC = YES;
				CLANG_ENABLE_OBJC_WEAK = YES;
				CLANG_WARN_BLOCK_CAPTURE_AUTORELEASING = YES;
				CLANG_WARN_BOOL_CONVERSION = YES;
				CLANG_WARN_COMMA = YES;
				CLANG_WARN_CONSTANT_CONVERSION = YES;
				CLANG_WARN_DEPRECATED_OBJC_IMPLEMENTATIONS = YES;
				CLANG_WARN_DIRECT_OBJC_ISA_USAGE = YES_ERROR;
				CLANG_WARN_DOCUMENTATION_COMMENTS = YES;
				CLANG_WARN_EMPTY_BODY = YES;
				CLANG_WARN_ENUM_CONVERSION = YES;
				CLANG_WARN_INFINITE_RECURSION = YES;
				CLANG_WARN_INT_CONVERSION = YES;
				CLANG_WARN_NON_LITERAL_NULL_CONVERSION = YES;
				CLANG_WARN_OBJC_IMPLICIT_RETAIN_SELF = YES;
				CLANG_WARN_OBJC_LITERAL_CONVERSION = YES;
				CLANG_WARN_OBJC_ROOT_CLASS = YES_ERROR;
				CLANG_WARN_RANGE_LOOP_ANALYSIS = YES;
				CLANG_WARN_STRICT_PROTOTYPES = YES;
				CLANG_WARN_SUSPICIOUS_MOVE = YES;
				CLANG_WARN_UNGUARDED_AVAILABILITY = YES_AGGRESSIVE;
				CLANG_WARN_UNREACHABLE_CODE = YES;
				CLANG_WARN__DUPLICATE_METHOD_MATCH = YES;
				CODE_SIGN_IDENTITY = "iPhone Developer";
				COPY_PHASE_STRIP = NO;
				DEBUG_INFORMATION_FORMAT = dwarf;
				ENABLE_STRICT_OBJC_MSGSEND = YES;
				ENABLE_TESTABILITY = YES;
				GCC_C_LANGUAGE_STANDARD = gnu11;
				GCC_DYNAMIC_NO_PIC = NO;
				GCC_NO_COMMON_BLOCKS = YES;
				GCC_OPTIMIZATION_LEVEL = 0;
				GCC_PREPROCESSOR_DEFINITIONS = (
					"DEBUG=1",
					"$(inherited)",
				);
				GCC_WARN_64_TO_32_BIT_CONVERSION = YES;
				GCC_WARN_ABOUT_RETURN_TYPE = YES_ERROR;
				GCC_WARN_UNDECLARED_SELECTOR = YES;
				GCC_WARN_UNINITIALIZED_AUTOS = YES_AGGRESSIVE;
				GCC_WARN_UNUSED_FUNCTION = YES;
				GCC_WARN_UNUSED_VARIABLE = YES;
				IPHONEOS_DEPLOYMENT_TARGET = 12.1;
				MTL_ENABLE_DEBUG_INFO = INCLUDE_SOURCE;
				MTL_FAST_MATH = YES;
				ONLY_ACTIVE_ARCH = YES;
				SDKROOT = iphoneos;
				SWIFT_ACTIVE_COMPILATION_CONDITIONS = DEBUG;
				SWIFT_OPTIMIZATION_LEVEL = "-Onone";
			};
			name = Debug;
		};
		5B86E99C2469F56700383413 /* Release */ = {
			isa = XCBuildConfiguration;
			buildSettings = {
				ALWAYS_SEARCH_USER_PATHS = NO;
				CLANG_ANALYZER_NONNULL = YES;
				CLANG_ANALYZER_NUMBER_OBJECT_CONVERSION = YES_AGGRESSIVE;
				CLANG_CXX_LANGUAGE_STANDARD = "gnu++14";
				CLANG_CXX_LIBRARY = "libc++";
				CLANG_ENABLE_MODULES = YES;
				CLANG_ENABLE_OBJC_ARC = YES;
				CLANG_ENABLE_OBJC_WEAK = YES;
				CLANG_WARN_BLOCK_CAPTURE_AUTORELEASING = YES;
				CLANG_WARN_BOOL_CONVERSION = YES;
				CLANG_WARN_COMMA = YES;
				CLANG_WARN_CONSTANT_CONVERSION = YES;
				CLANG_WARN_DEPRECATED_OBJC_IMPLEMENTATIONS = YES;
				CLANG_WARN_DIRECT_OBJC_ISA_USAGE = YES_ERROR;
				CLANG_WARN_DOCUMENTATION_COMMENTS = YES;
				CLANG_WARN_EMPTY_BODY = YES;
				CLANG_WARN_ENUM_CONVERSION = YES;
				CLANG_WARN_INFINITE_RECURSION = YES;
				CLANG_WARN_INT_CONVERSION = YES;
				CLANG_WARN_NON_LITERAL_NULL_CONVERSION = YES;
				CLANG_WARN_OBJC_IMPLICIT_RETAIN_SELF = YES;
				CLANG_WARN_OBJC_LITERAL_CONVERSION = YES;
				CLANG_WARN_OBJC_ROOT_CLASS = YES_ERROR;
				CLANG_WARN_RANGE_LOOP_ANALYSIS = YES;
				CLANG_WARN_STRICT_PROTOTYPES = YES;
				CLANG_WARN_SUSPICIOUS_MOVE = YES;
				CLANG_WARN_UNGUARDED_AVAILABILITY = YES_AGGRESSIVE;
				CLANG_WARN_UNREACHABLE_CODE = YES;
				CLANG_WARN__DUPLICATE_METHOD_MATCH = YES;
				CODE_SIGN_IDENTITY = "iPhone Developer";
				COPY_PHASE_STRIP = NO;
				DEBUG_INFORMATION_FORMAT = "dwarf-with-dsym";
				ENABLE_NS_ASSERTIONS = NO;
				ENABLE_STRICT_OBJC_MSGSEND = YES;
				GCC_C_LANGUAGE_STANDARD = gnu11;
				GCC_NO_COMMON_BLOCKS = YES;
				GCC_WARN_64_TO_32_BIT_CONVERSION = YES;
				GCC_WARN_ABOUT_RETURN_TYPE = YES_ERROR;
				GCC_WARN_UNDECLARED_SELECTOR = YES;
				GCC_WARN_UNINITIALIZED_AUTOS = YES_AGGRESSIVE;
				GCC_WARN_UNUSED_FUNCTION = YES;
				GCC_WARN_UNUSED_VARIABLE = YES;
				IPHONEOS_DEPLOYMENT_TARGET = 12.1;
				MTL_ENABLE_DEBUG_INFO = NO;
				MTL_FAST_MATH = YES;
				SDKROOT = iphoneos;
				SWIFT_COMPILATION_MODE = wholemodule;
				SWIFT_OPTIMIZATION_LEVEL = "-O";
				VALIDATE_PRODUCT = YES;
			};
			name = Release;
		};
		5B86E99E2469F56700383413 /* Debug */ = {
			isa = XCBuildConfiguration;
			baseConfigurationReference = 5911E798B52B9704E5C7263E /* Pods-JaqueExam.debug.xcconfig */;
			buildSettings = {
				ASSETCATALOG_COMPILER_APPICON_NAME = AppIcon;
				CODE_SIGN_STYLE = Automatic;
				DEVELOPMENT_TEAM = CX3FK54FXF;
				INFOPLIST_FILE = JaqueExam/Info.plist;
				LD_RUNPATH_SEARCH_PATHS = (
					"$(inherited)",
					"@executable_path/Frameworks",
				);
				PRODUCT_BUNDLE_IDENTIFIER = com.Luigi.chi.JaqueExam;
				PRODUCT_NAME = "$(TARGET_NAME)";
				SWIFT_VERSION = 4.2;
				TARGETED_DEVICE_FAMILY = "1,2";
			};
			name = Debug;
		};
		5B86E99F2469F56700383413 /* Release */ = {
			isa = XCBuildConfiguration;
			baseConfigurationReference = 81D43750D5E13EF1F488BC6A /* Pods-JaqueExam.release.xcconfig */;
			buildSettings = {
				ASSETCATALOG_COMPILER_APPICON_NAME = AppIcon;
				CODE_SIGN_STYLE = Automatic;
				DEVELOPMENT_TEAM = CX3FK54FXF;
				INFOPLIST_FILE = JaqueExam/Info.plist;
				LD_RUNPATH_SEARCH_PATHS = (
					"$(inherited)",
					"@executable_path/Frameworks",
				);
				PRODUCT_BUNDLE_IDENTIFIER = com.Luigi.chi.JaqueExam;
				PRODUCT_NAME = "$(TARGET_NAME)";
				SWIFT_VERSION = 4.2;
				TARGETED_DEVICE_FAMILY = "1,2";
			};
			name = Release;
		};
/* End XCBuildConfiguration section */

/* Begin XCConfigurationList section */
		5B86E9862469F53F00383413 /* Build configuration list for PBXProject "JaqueExam" */ = {
			isa = XCConfigurationList;
			buildConfigurations = (
				5B86E99B2469F56700383413 /* Debug */,
				5B86E99C2469F56700383413 /* Release */,
			);
			defaultConfigurationIsVisible = 0;
			defaultConfigurationName = Release;
		};
		5B86E99D2469F56700383413 /* Build configuration list for PBXNativeTarget "JaqueExam" */ = {
			isa = XCConfigurationList;
			buildConfigurations = (
				5B86E99E2469F56700383413 /* Debug */,
				5B86E99F2469F56700383413 /* Release */,
			);
			defaultConfigurationIsVisible = 0;
			defaultConfigurationName = Release;
		};
/* End XCConfigurationList section */
	};
	rootObject = 5B86E9832469F53F00383413 /* Project object */;
}
